
Microsoft Visual Studio Solution File, Format Version 12.00
# Visual Studio 15
VisualStudioVersion = 15.0.26430.14
MinimumVisualStudioVersion = 10.0.40219.1
Project("{FAE04EC0-301F-11D3-BF4B-00C04F79EFBC}") = "ProjetoWS.Android", "ProjetoWS\ProjetoWS.Android\ProjetoWS.Android.csproj", "{1E2898D3-C857-4DF2-BB88-DE22F5D7E1C7}"
EndProject
Project("{FAE04EC0-301F-11D3-BF4B-00C04F79EFBC}") = "ProjetoWS", "ProjetoWS\ProjetoWS\ProjetoWS.csproj", "{0D490E77-6103-409E-A633-BA5A14E0E1BC}"
EndProject
Project("{FAE04EC0-301F-11D3-BF4B-00C04F79EFBC}") = "ProjetoWS.UWP", "ProjetoWS\ProjetoWS.UWP\ProjetoWS.UWP.csproj", "{54194E9E-1E1A-4731-96E1-B1192D8E8C0D}"
EndProject
Project("{FAE04EC0-301F-11D3-BF4B-00C04F79EFBC}") = "ProjetoWS.iOS", "ProjetoWS\ProjetoWS.iOS\ProjetoWS.iOS.csproj", "{FBE500C3-CA27-4D7C-AF15-5C24DDEBD592}"
EndProject
Global
	GlobalSection(SolutionConfigurationPlatforms) = preSolution
		Ad-Hoc|Any CPU = Ad-Hoc|Any CPU
		Ad-Hoc|ARM = Ad-Hoc|ARM
		Ad-Hoc|iPhone = Ad-Hoc|iPhone
		Ad-Hoc|iPhoneSimulator = Ad-Hoc|iPhoneSimulator
		Ad-Hoc|x64 = Ad-Hoc|x64
		Ad-Hoc|x86 = Ad-Hoc|x86
		AppStore|Any CPU = AppStore|Any CPU
		AppStore|ARM = AppStore|ARM
		AppStore|iPhone = AppStore|iPhone
		AppStore|iPhoneSimulator = AppStore|iPhoneSimulator
		AppStore|x64 = AppStore|x64
		AppStore|x86 = AppStore|x86
		Debug|Any CPU = Debug|Any CPU
		Debug|ARM = Debug|ARM
		Debug|iPhone = Debug|iPhone
		Debug|iPhoneSimulator = Debug|iPhoneSimulator
		Debug|x64 = Debug|x64
		Debug|x86 = Debug|x86
		Release|Any CPU = Release|Any CPU
		Release|ARM = Release|ARM
		Release|iPhone = Release|iPhone
		Release|iPhoneSimulator = Release|iPhoneSimulator
		Release|x64 = Release|x64
		Release|x86 = Release|x86
	EndGlobalSection
	GlobalSection(ProjectConfigurationPlatforms) = postSolution
		{1E2898D3-C857-4DF2-BB88-DE22F5D7E1C7}.Ad-Hoc|Any CPU.ActiveCfg = Release|Any CPU
		{1E2898D3-C857-4DF2-BB88-DE22F5D7E1C7}.Ad-Hoc|Any CPU.Build.0 = Release|Any CPU
		{1E2898D3-C857-4DF2-BB88-DE22F5D7E1C7}.Ad-Hoc|Any CPU.Deploy.0 = Release|Any CPU
		{1E2898D3-C857-4DF2-BB88-DE22F5D7E1C7}.Ad-Hoc|ARM.ActiveCfg = Release|Any CPU
		{1E2898D3-C857-4DF2-BB88-DE22F5D7E1C7}.Ad-Hoc|ARM.Build.0 = Release|Any CPU
		{1E2898D3-C857-4DF2-BB88-DE22F5D7E1C7}.Ad-Hoc|ARM.Deploy.0 = Release|Any CPU
		{1E2898D3-C857-4DF2-BB88-DE22F5D7E1C7}.Ad-Hoc|iPhone.ActiveCfg = Release|Any CPU
		{1E2898D3-C857-4DF2-BB88-DE22F5D7E1C7}.Ad-Hoc|iPhone.Build.0 = Release|Any CPU
		{1E2898D3-C857-4DF2-BB88-DE22F5D7E1C7}.Ad-Hoc|iPhone.Deploy.0 = Release|Any CPU
		{1E2898D3-C857-4DF2-BB88-DE22F5D7E1C7}.Ad-Hoc|iPhoneSimulator.ActiveCfg = Release|Any CPU
		{1E2898D3-C857-4DF2-BB88-DE22F5D7E1C7}.Ad-Hoc|iPhoneSimulator.Build.0 = Release|Any CPU
		{1E2898D3-C857-4DF2-BB88-DE22F5D7E1C7}.Ad-Hoc|iPhoneSimulator.Deploy.0 = Release|Any CPU
		{1E2898D3-C857-4DF2-BB88-DE22F5D7E1C7}.Ad-Hoc|x64.ActiveCfg = Release|Any CPU
		{1E2898D3-C857-4DF2-BB88-DE22F5D7E1C7}.Ad-Hoc|x64.Build.0 = Release|Any CPU
		{1E2898D3-C857-4DF2-BB88-DE22F5D7E1C7}.Ad-Hoc|x64.Deploy.0 = Release|Any CPU
		{1E2898D3-C857-4DF2-BB88-DE22F5D7E1C7}.Ad-Hoc|x86.ActiveCfg = Release|Any CPU
		{1E2898D3-C857-4DF2-BB88-DE22F5D7E1C7}.Ad-Hoc|x86.Build.0 = Release|Any CPU
		{1E2898D3-C857-4DF2-BB88-DE22F5D7E1C7}.Ad-Hoc|x86.Deploy.0 = Release|Any CPU
		{1E2898D3-C857-4DF2-BB88-DE22F5D7E1C7}.AppStore|Any CPU.ActiveCfg = Release|Any CPU
		{1E2898D3-C857-4DF2-BB88-DE22F5D7E1C7}.AppStore|Any CPU.Build.0 = Release|Any CPU
		{1E2898D3-C857-4DF2-BB88-DE22F5D7E1C7}.AppStore|Any CPU.Deploy.0 = Release|Any CPU
		{1E2898D3-C857-4DF2-BB88-DE22F5D7E1C7}.AppStore|ARM.ActiveCfg = Release|Any CPU
		{1E2898D3-C857-4DF2-BB88-DE22F5D7E1C7}.AppStore|ARM.Build.0 = Release|Any CPU
		{1E2898D3-C857-4DF2-BB88-DE22F5D7E1C7}.AppStore|ARM.Deploy.0 = Release|Any CPU
		{1E2898D3-C857-4DF2-BB88-DE22F5D7E1C7}.AppStore|iPhone.ActiveCfg = Release|Any CPU
		{1E2898D3-C857-4DF2-BB88-DE22F5D7E1C7}.AppStore|iPhone.Build.0 = Release|Any CPU
		{1E2898D3-C857-4DF2-BB88-DE22F5D7E1C7}.AppStore|iPhone.Deploy.0 = Release|Any CPU
		{1E2898D3-C857-4DF2-BB88-DE22F5D7E1C7}.AppStore|iPhoneSimulator.ActiveCfg = Release|Any CPU
		{1E2898D3-C857-4DF2-BB88-DE22F5D7E1C7}.AppStore|iPhoneSimulator.Build.0 = Release|Any CPU
		{1E2898D3-C857-4DF2-BB88-DE22F5D7E1C7}.AppStore|iPhoneSimulator.Deploy.0 = Release|Any CPU
		{1E2898D3-C857-4DF2-BB88-DE22F5D7E1C7}.AppStore|x64.ActiveCfg = Release|Any CPU
		{1E2898D3-C857-4DF2-BB88-DE22F5D7E1C7}.AppStore|x64.Build.0 = Release|Any CPU
		{1E2898D3-C857-4DF2-BB88-DE22F5D7E1C7}.AppStore|x64.Deploy.0 = Release|Any CPU
		{1E2898D3-C857-4DF2-BB88-DE22F5D7E1C7}.AppStore|x86.ActiveCfg = Release|Any CPU
		{1E2898D3-C857-4DF2-BB88-DE22F5D7E1C7}.AppStore|x86.Build.0 = Release|Any CPU
		{1E2898D3-C857-4DF2-BB88-DE22F5D7E1C7}.AppStore|x86.Deploy.0 = Release|Any CPU
		{1E2898D3-C857-4DF2-BB88-DE22F5D7E1C7}.Debug|Any CPU.ActiveCfg = Debug|Any CPU
		{1E2898D3-C857-4DF2-BB88-DE22F5D7E1C7}.Debug|Any CPU.Build.0 = Debug|Any CPU
		{1E2898D3-C857-4DF2-BB88-DE22F5D7E1C7}.Debug|Any CPU.Deploy.0 = Debug|Any CPU
		{1E2898D3-C857-4DF2-BB88-DE22F5D7E1C7}.Debug|ARM.ActiveCfg = Debug|Any CPU
		{1E2898D3-C857-4DF2-BB88-DE22F5D7E1C7}.Debug|ARM.Build.0 = Debug|Any CPU
		{1E2898D3-C857-4DF2-BB88-DE22F5D7E1C7}.Debug|ARM.Deploy.0 = Debug|Any CPU
		{1E2898D3-C857-4DF2-BB88-DE22F5D7E1C7}.Debug|iPhone.ActiveCfg = Debug|Any CPU
		{1E2898D3-C857-4DF2-BB88-DE22F5D7E1C7}.Debug|iPhone.Build.0 = Debug|Any CPU
		{1E2898D3-C857-4DF2-BB88-DE22F5D7E1C7}.Debug|iPhone.Deploy.0 = Debug|Any CPU
		{1E2898D3-C857-4DF2-BB88-DE22F5D7E1C7}.Debug|iPhoneSimulator.ActiveCfg = Debug|Any CPU
		{1E2898D3-C857-4DF2-BB88-DE22F5D7E1C7}.Debug|iPhoneSimulator.Build.0 = Debug|Any CPU
		{1E2898D3-C857-4DF2-BB88-DE22F5D7E1C7}.Debug|iPhoneSimulator.Deploy.0 = Debug|Any CPU
		{1E2898D3-C857-4DF2-BB88-DE22F5D7E1C7}.Debug|x64.ActiveCfg = Debug|Any CPU
		{1E2898D3-C857-4DF2-BB88-DE22F5D7E1C7}.Debug|x64.Build.0 = Debug|Any CPU
		{1E2898D3-C857-4DF2-BB88-DE22F5D7E1C7}.Debug|x64.Deploy.0 = Debug|Any CPU
		{1E2898D3-C857-4DF2-BB88-DE22F5D7E1C7}.Debug|x86.ActiveCfg = Debug|Any CPU
		{1E2898D3-C857-4DF2-BB88-DE22F5D7E1C7}.Debug|x86.Build.0 = Debug|Any CPU
		{1E2898D3-C857-4DF2-BB88-DE22F5D7E1C7}.Debug|x86.Deploy.0 = Debug|Any CPU
		{1E2898D3-C857-4DF2-BB88-DE22F5D7E1C7}.Release|Any CPU.ActiveCfg = Release|Any CPU
		{1E2898D3-C857-4DF2-BB88-DE22F5D7E1C7}.Release|Any CPU.Build.0 = Release|Any CPU
		{1E2898D3-C857-4DF2-BB88-DE22F5D7E1C7}.Release|Any CPU.Deploy.0 = Release|Any CPU
		{1E2898D3-C857-4DF2-BB88-DE22F5D7E1C7}.Release|ARM.ActiveCfg = Release|Any CPU
		{1E2898D3-C857-4DF2-BB88-DE22F5D7E1C7}.Release|ARM.Build.0 = Release|Any CPU
		{1E2898D3-C857-4DF2-BB88-DE22F5D7E1C7}.Release|ARM.Deploy.0 = Release|Any CPU
		{1E2898D3-C857-4DF2-BB88-DE22F5D7E1C7}.Release|iPhone.ActiveCfg = Release|Any CPU
		{1E2898D3-C857-4DF2-BB88-DE22F5D7E1C7}.Release|iPhone.Build.0 = Release|Any CPU
		{1E2898D3-C857-4DF2-BB88-DE22F5D7E1C7}.Release|iPhone.Deploy.0 = Release|Any CPU
		{1E2898D3-C857-4DF2-BB88-DE22F5D7E1C7}.Release|iPhoneSimulator.ActiveCfg = Release|Any CPU
		{1E2898D3-C857-4DF2-BB88-DE22F5D7E1C7}.Release|iPhoneSimulator.Build.0 = Release|Any CPU
		{1E2898D3-C857-4DF2-BB88-DE22F5D7E1C7}.Release|iPhoneSimulator.Deploy.0 = Release|Any CPU
		{1E2898D3-C857-4DF2-BB88-DE22F5D7E1C7}.Release|x64.ActiveCfg = Release|Any CPU
		{1E2898D3-C857-4DF2-BB88-DE22F5D7E1C7}.Release|x64.Build.0 = Release|Any CPU
		{1E2898D3-C857-4DF2-BB88-DE22F5D7E1C7}.Release|x64.Deploy.0 = Release|Any CPU
		{1E2898D3-C857-4DF2-BB88-DE22F5D7E1C7}.Release|x86.ActiveCfg = Release|Any CPU
		{1E2898D3-C857-4DF2-BB88-DE22F5D7E1C7}.Release|x86.Build.0 = Release|Any CPU
		{1E2898D3-C857-4DF2-BB88-DE22F5D7E1C7}.Release|x86.Deploy.0 = Release|Any CPU
		{0D490E77-6103-409E-A633-BA5A14E0E1BC}.Ad-Hoc|Any CPU.ActiveCfg = Release|Any CPU
		{0D490E77-6103-409E-A633-BA5A14E0E1BC}.Ad-Hoc|Any CPU.Build.0 = Release|Any CPU
		{0D490E77-6103-409E-A633-BA5A14E0E1BC}.Ad-Hoc|ARM.ActiveCfg = Release|Any CPU
		{0D490E77-6103-409E-A633-BA5A14E0E1BC}.Ad-Hoc|ARM.Build.0 = Release|Any CPU
		{0D490E77-6103-409E-A633-BA5A14E0E1BC}.Ad-Hoc|iPhone.ActiveCfg = Release|Any CPU
		{0D490E77-6103-409E-A633-BA5A14E0E1BC}.Ad-Hoc|iPhone.Build.0 = Release|Any CPU
		{0D490E77-6103-409E-A633-BA5A14E0E1BC}.Ad-Hoc|iPhoneSimulator.ActiveCfg = Release|Any CPU
		{0D490E77-6103-409E-A633-BA5A14E0E1BC}.Ad-Hoc|iPhoneSimulator.Build.0 = Release|Any CPU
		{0D490E77-6103-409E-A633-BA5A14E0E1BC}.Ad-Hoc|x64.ActiveCfg = Release|Any CPU
		{0D490E77-6103-409E-A633-BA5A14E0E1BC}.Ad-Hoc|x64.Build.0 = Release|Any CPU
		{0D490E77-6103-409E-A633-BA5A14E0E1BC}.Ad-Hoc|x86.ActiveCfg = Release|Any CPU
		{0D490E77-6103-409E-A633-BA5A14E0E1BC}.Ad-Hoc|x86.Build.0 = Release|Any CPU
		{0D490E77-6103-409E-A633-BA5A14E0E1BC}.AppStore|Any CPU.ActiveCfg = Release|Any CPU
		{0D490E77-6103-409E-A633-BA5A14E0E1BC}.AppStore|Any CPU.Build.0 = Release|Any CPU
		{0D490E77-6103-409E-A633-BA5A14E0E1BC}.AppStore|ARM.ActiveCfg = Release|Any CPU
		{0D490E77-6103-409E-A633-BA5A14E0E1BC}.AppStore|ARM.Build.0 = Release|Any CPU
		{0D490E77-6103-409E-A633-BA5A14E0E1BC}.AppStore|iPhone.ActiveCfg = Release|Any CPU
		{0D490E77-6103-409E-A633-BA5A14E0E1BC}.AppStore|iPhone.Build.0 = Release|Any CPU
		{0D490E77-6103-409E-A633-BA5A14E0E1BC}.AppStore|iPhoneSimulator.ActiveCfg = Release|Any CPU
		{0D490E77-6103-409E-A633-BA5A14E0E1BC}.AppStore|iPhoneSimulator.Build.0 = Release|Any CPU
		{0D490E77-6103-409E-A633-BA5A14E0E1BC}.AppStore|x64.ActiveCfg = Release|Any CPU
		{0D490E77-6103-409E-A633-BA5A14E0E1BC}.AppStore|x64.Build.0 = Release|Any CPU
		{0D490E77-6103-409E-A633-BA5A14E0E1BC}.AppStore|x86.ActiveCfg = Release|Any CPU
		{0D490E77-6103-409E-A633-BA5A14E0E1BC}.AppStore|x86.Build.0 = Release|Any CPU
		{0D490E77-6103-409E-A633-BA5A14E0E1BC}.Debug|Any CPU.ActiveCfg = Debug|Any CPU
		{0D490E77-6103-409E-A633-BA5A14E0E1BC}.Debug|Any CPU.Build.0 = Debug|Any CPU
		{0D490E77-6103-409E-A633-BA5A14E0E1BC}.Debug|ARM.ActiveCfg = Debug|Any CPU
		{0D490E77-6103-409E-A633-BA5A14E0E1BC}.Debug|ARM.Build.0 = Debug|Any CPU
		{0D490E77-6103-409E-A633-BA5A14E0E1BC}.Debug|iPhone.ActiveCfg = Debug|Any CPU
		{0D490E77-6103-409E-A633-BA5A14E0E1BC}.Debug|iPhone.Build.0 = Debug|Any CPU
		{0D490E77-6103-409E-A633-BA5A14E0E1BC}.Debug|iPhoneSimulator.ActiveCfg = Debug|Any CPU
		{0D490E77-6103-409E-A633-BA5A14E0E1BC}.Debug|iPhoneSimulator.Build.0 = Debug|Any CPU
		{0D490E77-6103-409E-A633-BA5A14E0E1BC}.Debug|x64.ActiveCfg = Debug|Any CPU
		{0D490E77-6103-409E-A633-BA5A14E0E1BC}.Debug|x64.Build.0 = Debug|Any CPU
		{0D490E77-6103-409E-A633-BA5A14E0E1BC}.Debug|x86.ActiveCfg = Debug|Any CPU
		{0D490E77-6103-409E-A633-BA5A14E0E1BC}.Debug|x86.Build.0 = Debug|Any CPU
		{0D490E77-6103-409E-A633-BA5A14E0E1BC}.Release|Any CPU.ActiveCfg = Release|Any CPU
		{0D490E77-6103-409E-A633-BA5A14E0E1BC}.Release|Any CPU.Build.0 = Release|Any CPU
		{0D490E77-6103-409E-A633-BA5A14E0E1BC}.Release|ARM.ActiveCfg = Release|Any CPU
		{0D490E77-6103-409E-A633-BA5A14E0E1BC}.Release|ARM.Build.0 = Release|Any CPU
		{0D490E77-6103-409E-A633-BA5A14E0E1BC}.Release|iPhone.ActiveCfg = Release|Any CPU
		{0D490E77-6103-409E-A633-BA5A14E0E1BC}.Release|iPhone.Build.0 = Release|Any CPU
		{0D490E77-6103-409E-A633-BA5A14E0E1BC}.Release|iPhoneSimulator.ActiveCfg = Release|Any CPU
		{0D490E77-6103-409E-A633-BA5A14E0E1BC}.Release|iPhoneSimulator.Build.0 = Release|Any CPU
		{0D490E77-6103-409E-A633-BA5A14E0E1BC}.Release|x64.ActiveCfg = Release|Any CPU
		{0D490E77-6103-409E-A633-BA5A14E0E1BC}.Release|x64.Build.0 = Release|Any CPU
		{0D490E77-6103-409E-A633-BA5A14E0E1BC}.Release|x86.ActiveCfg = Release|Any CPU
		{0D490E77-6103-409E-A633-BA5A14E0E1BC}.Release|x86.Build.0 = Release|Any CPU
		{54194E9E-1E1A-4731-96E1-B1192D8E8C0D}.Ad-Hoc|Any CPU.ActiveCfg = Release|x86
		{54194E9E-1E1A-4731-96E1-B1192D8E8C0D}.Ad-Hoc|Any CPU.Build.0 = Release|x86
		{54194E9E-1E1A-4731-96E1-B1192D8E8C0D}.Ad-Hoc|Any CPU.Deploy.0 = Release|x86
		{54194E9E-1E1A-4731-96E1-B1192D8E8C0D}.Ad-Hoc|ARM.ActiveCfg = Release|ARM
		{54194E9E-1E1A-4731-96E1-B1192D8E8C0D}.Ad-Hoc|ARM.Build.0 = Release|ARM
		{54194E9E-1E1A-4731-96E1-B1192D8E8C0D}.Ad-Hoc|ARM.Deploy.0 = Release|ARM
		{54194E9E-1E1A-4731-96E1-B1192D8E8C0D}.Ad-Hoc|iPhone.ActiveCfg = Release|x86
		{54194E9E-1E1A-4731-96E1-B1192D8E8C0D}.Ad-Hoc|iPhone.Build.0 = Release|x86
		{54194E9E-1E1A-4731-96E1-B1192D8E8C0D}.Ad-Hoc|iPhone.Deploy.0 = Release|x86
		{54194E9E-1E1A-4731-96E1-B1192D8E8C0D}.Ad-Hoc|iPhoneSimulator.ActiveCfg = Release|x86
		{54194E9E-1E1A-4731-96E1-B1192D8E8C0D}.Ad-Hoc|iPhoneSimulator.Build.0 = Release|x86
		{54194E9E-1E1A-4731-96E1-B1192D8E8C0D}.Ad-Hoc|iPhoneSimulator.Deploy.0 = Release|x86
		{54194E9E-1E1A-4731-96E1-B1192D8E8C0D}.Ad-Hoc|x64.ActiveCfg = Release|x64
		{54194E9E-1E1A-4731-96E1-B1192D8E8C0D}.Ad-Hoc|x64.Build.0 = Release|x64
		{54194E9E-1E1A-4731-96E1-B1192D8E8C0D}.Ad-Hoc|x64.Deploy.0 = Release|x64
		{54194E9E-1E1A-4731-96E1-B1192D8E8C0D}.Ad-Hoc|x86.ActiveCfg = Release|x86
		{54194E9E-1E1A-4731-96E1-B1192D8E8C0D}.Ad-Hoc|x86.Build.0 = Release|x86
		{54194E9E-1E1A-4731-96E1-B1192D8E8C0D}.Ad-Hoc|x86.Deploy.0 = Release|x86
		{54194E9E-1E1A-4731-96E1-B1192D8E8C0D}.AppStore|Any CPU.ActiveCfg = Release|x86
		{54194E9E-1E1A-4731-96E1-B1192D8E8C0D}.AppStore|Any CPU.Build.0 = Release|x86
		{54194E9E-1E1A-4731-96E1-B1192D8E8C0D}.AppStore|Any CPU.Deploy.0 = Release|x86
		{54194E9E-1E1A-4731-96E1-B1192D8E8C0D}.AppStore|ARM.ActiveCfg = Release|ARM
		{54194E9E-1E1A-4731-96E1-B1192D8E8C0D}.AppStore|ARM.Build.0 = Release|ARM
		{54194E9E-1E1A-4731-96E1-B1192D8E8C0D}.AppStore|ARM.Deploy.0 = Release|ARM
		{54194E9E-1E1A-4731-96E1-B1192D8E8C0D}.AppStore|iPhone.ActiveCfg = Release|x86
		{54194E9E-1E1A-4731-96E1-B1192D8E8C0D}.AppStore|iPhone.Build.0 = Release|x86
		{54194E9E-1E1A-4731-96E1-B1192D8E8C0D}.AppStore|iPhone.Deploy.0 = Release|x86
		{54194E9E-1E1A-4731-96E1-B1192D8E8C0D}.AppStore|iPhoneSimulator.ActiveCfg = Release|x86
		{54194E9E-1E1A-4731-96E1-B1192D8E8C0D}.AppStore|iPhoneSimulator.Build.0 = Release|x86
		{54194E9E-1E1A-4731-96E1-B1192D8E8C0D}.AppStore|iPhoneSimulator.Deploy.0 = Release|x86
		{54194E9E-1E1A-4731-96E1-B1192D8E8C0D}.AppStore|x64.ActiveCfg = Release|x64
		{54194E9E-1E1A-4731-96E1-B1192D8E8C0D}.AppStore|x64.Build.0 = Release|x64
		{54194E9E-1E1A-4731-96E1-B1192D8E8C0D}.AppStore|x64.Deploy.0 = Release|x64
		{54194E9E-1E1A-4731-96E1-B1192D8E8C0D}.AppStore|x86.ActiveCfg = Release|x86
		{54194E9E-1E1A-4731-96E1-B1192D8E8C0D}.AppStore|x86.Build.0 = Release|x86
		{54194E9E-1E1A-4731-96E1-B1192D8E8C0D}.AppStore|x86.Deploy.0 = Release|x86
		{54194E9E-1E1A-4731-96E1-B1192D8E8C0D}.Debug|Any CPU.ActiveCfg = Debug|x86
		{54194E9E-1E1A-4731-96E1-B1192D8E8C0D}.Debug|ARM.ActiveCfg = Debug|ARM
		{54194E9E-1E1A-4731-96E1-B1192D8E8C0D}.Debug|ARM.Build.0 = Debug|ARM
		{54194E9E-1E1A-4731-96E1-B1192D8E8C0D}.Debug|ARM.Deploy.0 = Debug|ARM
		{54194E9E-1E1A-4731-96E1-B1192D8E8C0D}.Debug|iPhone.ActiveCfg = Debug|x86
		{54194E9E-1E1A-4731-96E1-B1192D8E8C0D}.Debug|iPhoneSimulator.ActiveCfg = Debug|x86
		{54194E9E-1E1A-4731-96E1-B1192D8E8C0D}.Debug|x64.ActiveCfg = Debug|x64
		{54194E9E-1E1A-4731-96E1-B1192D8E8C0D}.Debug|x64.Build.0 = Debug|x64
		{54194E9E-1E1A-4731-96E1-B1192D8E8C0D}.Debug|x64.Deploy.0 = Debug|x64
		{54194E9E-1E1A-4731-96E1-B1192D8E8C0D}.Debug|x86.ActiveCfg = Debug|x86
		{54194E9E-1E1A-4731-96E1-B1192D8E8C0D}.Debug|x86.Build.0 = Debug|x86
		{54194E9E-1E1A-4731-96E1-B1192D8E8C0D}.Debug|x86.Deploy.0 = Debug|x86
		{54194E9E-1E1A-4731-96E1-B1192D8E8C0D}.Release|Any CPU.ActiveCfg = Release|x86
		{54194E9E-1E1A-4731-96E1-B1192D8E8C0D}.Release|ARM.ActiveCfg = Release|ARM
		{54194E9E-1E1A-4731-96E1-B1192D8E8C0D}.Release|ARM.Build.0 = Release|ARM
		{54194E9E-1E1A-4731-96E1-B1192D8E8C0D}.Release|ARM.Deploy.0 = Release|ARM
		{54194E9E-1E1A-4731-96E1-B1192D8E8C0D}.Release|iPhone.ActiveCfg = Release|x86
		{54194E9E-1E1A-4731-96E1-B1192D8E8C0D}.Release|iPhoneSimulator.ActiveCfg = Release|x86
		{54194E9E-1E1A-4731-96E1-B1192D8E8C0D}.Release|x64.ActiveCfg = Release|x64
		{54194E9E-1E1A-4731-96E1-B1192D8E8C0D}.Release|x64.Build.0 = Release|x64
		{54194E9E-1E1A-4731-96E1-B1192D8E8C0D}.Release|x64.Deploy.0 = Release|x64
		{54194E9E-1E1A-4731-96E1-B1192D8E8C0D}.Release|x86.ActiveCfg = Release|x86
		{54194E9E-1E1A-4731-96E1-B1192D8E8C0D}.Release|x86.Build.0 = Release|x86
		{54194E9E-1E1A-4731-96E1-B1192D8E8C0D}.Release|x86.Deploy.0 = Release|x86
		{FBE500C3-CA27-4D7C-AF15-5C24DDEBD592}.Ad-Hoc|Any CPU.ActiveCfg = Ad-Hoc|iPhone
		{FBE500C3-CA27-4D7C-AF15-5C24DDEBD592}.Ad-Hoc|ARM.ActiveCfg = Ad-Hoc|iPhone
		{FBE500C3-CA27-4D7C-AF15-5C24DDEBD592}.Ad-Hoc|iPhone.ActiveCfg = Ad-Hoc|iPhone
		{FBE500C3-CA27-4D7C-AF15-5C24DDEBD592}.Ad-Hoc|iPhone.Build.0 = Ad-Hoc|iPhone
		{FBE500C3-CA27-4D7C-AF15-5C24DDEBD592}.Ad-Hoc|iPhoneSimulator.ActiveCfg = Ad-Hoc|iPhoneSimulator
		{FBE500C3-CA27-4D7C-AF15-5C24DDEBD592}.Ad-Hoc|iPhoneSimulator.Build.0 = Ad-Hoc|iPhoneSimulator
		{FBE500C3-CA27-4D7C-AF15-5C24DDEBD592}.Ad-Hoc|x64.ActiveCfg = Ad-Hoc|iPhone
		{FBE500C3-CA27-4D7C-AF15-5C24DDEBD592}.Ad-Hoc|x86.ActiveCfg = Ad-Hoc|iPhone
		{FBE500C3-CA27-4D7C-AF15-5C24DDEBD592}.AppStore|Any CPU.ActiveCfg = AppStore|iPhone
		{FBE500C3-CA27-4D7C-AF15-5C24DDEBD592}.AppStore|ARM.ActiveCfg = AppStore|iPhone
		{FBE500C3-CA27-4D7C-AF15-5C24DDEBD592}.AppStore|iPhone.ActiveCfg = AppStore|iPhone
		{FBE500C3-CA27-4D7C-AF15-5C24DDEBD592}.AppStore|iPhone.Build.0 = AppStore|iPhone
		{FBE500C3-CA27-4D7C-AF15-5C24DDEBD592}.AppStore|iPhoneSimulator.ActiveCfg = AppStore|iPhoneSimulator
		{FBE500C3-CA27-4D7C-AF15-5C24DDEBD592}.AppStore|iPhoneSimulator.Build.0 = AppStore|iPhoneSimulator
		{FBE500C3-CA27-4D7C-AF15-5C24DDEBD592}.AppStore|x64.ActiveCfg = AppStore|iPhone
		{FBE500C3-CA27-4D7C-AF15-5C24DDEBD592}.AppStore|x86.ActiveCfg = AppStore|iPhone
		{FBE500C3-CA27-4D7C-AF15-5C24DDEBD592}.Debug|Any CPU.ActiveCfg = Debug|iPhone
		{FBE500C3-CA27-4D7C-AF15-5C24DDEBD592}.Debug|ARM.ActiveCfg = Debug|iPhone
		{FBE500C3-CA27-4D7C-AF15-5C24DDEBD592}.Debug|iPhone.ActiveCfg = Debug|iPhone
		{FBE500C3-CA27-4D7C-AF15-5C24DDEBD592}.Debug|iPhone.Build.0 = Debug|iPhone
		{FBE500C3-CA27-4D7C-AF15-5C24DDEBD592}.Debug|iPhoneSimulator.ActiveCfg = Debug|iPhoneSimulator
		{FBE500C3-CA27-4D7C-AF15-5C24DDEBD592}.Debug|iPhoneSimulator.Build.0 = Debug|iPhoneSimulator
		{FBE500C3-CA27-4D7C-AF15-5C24DDEBD592}.Debug|x64.ActiveCfg = Debug|iPhone
		{FBE500C3-CA27-4D7C-AF15-5C24DDEBD592}.Debug|x86.ActiveCfg = Debug|iPhone
		{FBE500C3-CA27-4D7C-AF15-5C24DDEBD592}.Release|Any CPU.ActiveCfg = Release|iPhone
		{FBE500C3-CA27-4D7C-AF15-5C24DDEBD592}.Release|ARM.ActiveCfg = Release|iPhone
		{FBE500C3-CA27-4D7C-AF15-5C24DDEBD592}.Release|iPhone.ActiveCfg = Release|iPhone
		{FBE500C3-CA27-4D7C-AF15-5C24DDEBD592}.Release|iPhone.Build.0 = Release|iPhone
		{FBE500C3-CA27-4D7C-AF15-5C24DDEBD592}.Release|iPhoneSimulator.ActiveCfg = Release|iPhoneSimulator
		{FBE500C3-CA27-4D7C-AF15-5C24DDEBD592}.Release|iPhoneSimulator.Build.0 = Release|iPhoneSimulator
		{FBE500C3-CA27-4D7C-AF15-5C24DDEBD592}.Release|x64.ActiveCfg = Release|iPhone
		{FBE500C3-CA27-4D7C-AF15-5C24DDEBD592}.Release|x86.ActiveCfg = Release|iPhone
	EndGlobalSection
	GlobalSection(SolutionProperties) = preSolution
		HideSolutionNode = FALSE
	EndGlobalSection
EndGlobal
